// !$*UTF8*$!
{
	archiveVersion = 1;
	classes = {
	};
	objectVersion = 50;
	objects = {

/* Begin PBXBuildFile section */
		2CDA5CD2210CCD2100460039 /* AppDelegate.swift in Sources */ = {isa = PBXBuildFile; fileRef = 2CDA5CD1210CCD2100460039 /* AppDelegate.swift */; };
		2CDA5CD4210CCD2100460039 /* ViewController.swift in Sources */ = {isa = PBXBuildFile; fileRef = 2CDA5CD3210CCD2100460039 /* ViewController.swift */; };
		2CDA5CD7210CCD2100460039 /* Main.storyboard in Resources */ = {isa = PBXBuildFile; fileRef = 2CDA5CD5210CCD2100460039 /* Main.storyboard */; };
		2CDA5CD9210CCD2300460039 /* Assets.xcassets in Resources */ = {isa = PBXBuildFile; fileRef = 2CDA5CD8210CCD2300460039 /* Assets.xcassets */; };
		2CDA5CDC210CCD2300460039 /* LaunchScreen.storyboard in Resources */ = {isa = PBXBuildFile; fileRef = 2CDA5CDA210CCD2300460039 /* LaunchScreen.storyboard */; };
		2CDA5CE4210CD1DC00460039 /* BackgroundJob.swift in Sources */ = {isa = PBXBuildFile; fileRef = 2CDA5CE3210CD1DC00460039 /* BackgroundJob.swift */; };
/* End PBXBuildFile section */

/* Begin PBXFileReference section */
		2CDA5CCE210CCD2100460039 /* Semaforos.app */ = {isa = PBXFileReference; explicitFileType = wrapper.application; includeInIndex = 0; path = Semaforos.app; sourceTree = BUILT_PRODUCTS_DIR; };
		2CDA5CD1210CCD2100460039 /* AppDelegate.swift */ = {isa = PBXFileReference; lastKnownFileType = sourcecode.swift; path = AppDelegate.swift; sourceTree = "<group>"; };
		2CDA5CD3210CCD2100460039 /* ViewController.swift */ = {isa = PBXFileReference; lastKnownFileType = sourcecode.swift; path = ViewController.swift; sourceTree = "<group>"; };
		2CDA5CD6210CCD2100460039 /* Base */ = {isa = PBXFileReference; lastKnownFileType = file.storyboard; name = Base; path = Base.lproj/Main.storyboard; sourceTree = "<group>"; };
		2CDA5CD8210CCD2300460039 /* Assets.xcassets */ = {isa = PBXFileReference; lastKnownFileType = folder.assetcatalog; path = Assets.xcassets; sourceTree = "<group>"; };
		2CDA5CDB210CCD2300460039 /* Base */ = {isa = PBXFileReference; lastKnownFileType = file.storyboard; name = Base; path = Base.lproj/LaunchScreen.storyboard; sourceTree = "<group>"; };
		2CDA5CDD210CCD2300460039 /* Info.plist */ = {isa = PBXFileReference; lastKnownFileType = text.plist.xml; path = Info.plist; sourceTree = "<group>"; };
		2CDA5CE3210CD1DC00460039 /* BackgroundJob.swift */ = {isa = PBXFileReference; lastKnownFileType = sourcecode.swift; path = BackgroundJob.swift; sourceTree = "<group>"; };
/* End PBXFileReference section */

/* Begin PBXFrameworksBuildPhase section */
		2CDA5CCB210CCD2100460039 /* Frameworks */ = {
			isa = PBXFrameworksBuildPhase;
			buildActionMask = 2147483647;
			files = (
			);
			runOnlyForDeploymentPostprocessing = 0;
		};
/* End PBXFrameworksBuildPhase section */

/* Begin PBXGroup section */
		2CDA5CC5210CCD2100460039 = {
			isa = PBXGroup;
			children = (
				2CDA5CD0210CCD2100460039 /* Semaforos */,
				2CDA5CCF210CCD2100460039 /* Products */,
			);
			sourceTree = "<group>";
		};
		2CDA5CCF210CCD2100460039 /* Products */ = {
			isa = PBXGroup;
			children = (
				2CDA5CCE210CCD2100460039 /* Semaforos.app */,
			);
			name = Products;
			sourceTree = "<group>";
		};
		2CDA5CD0210CCD2100460039 /* Semaforos */ = {
			isa = PBXGroup;
			children = (
				2CDA5CD1210CCD2100460039 /* AppDelegate.swift */,
				2CDA5CD3210CCD2100460039 /* ViewController.swift */,
				2CDA5CD5210CCD2100460039 /* Main.storyboard */,
				2CDA5CD8210CCD2300460039 /* Assets.xcassets */,
				2CDA5CDA210CCD2300460039 /* LaunchScreen.storyboard */,
				2CDA5CDD210CCD2300460039 /* Info.plist */,
				2CDA5CE3210CD1DC00460039 /* BackgroundJob.swift */,
			);
			path = Semaforos;
			sourceTree = "<group>";
		};
/* End PBXGroup section */

/* Begin PBXNativeTarget section */
		2CDA5CCD210CCD2100460039 /* Semaforos */ = {
			isa = PBXNativeTarget;
			buildConfigurationList = 2CDA5CE0210CCD2300460039 /* Build configuration list for PBXNativeTarget "Semaforos" */;
			buildPhases = (
				2CDA5CCA210CCD2100460039 /* Sources */,
				2CDA5CCB210CCD2100460039 /* Frameworks */,
				2CDA5CCC210CCD2100460039 /* Resources */,
			);
			buildRules = (
			);
			dependencies = (
			);
			name = Semaforos;
			productName = Semaforos;
			productReference = 2CDA5CCE210CCD2100460039 /* Semaforos.app */;
			productType = "com.apple.product-type.application";
		};
/* End PBXNativeTarget section */

/* Begin PBXProject section */
		2CDA5CC6210CCD2100460039 /* Project object */ = {
			isa = PBXProject;
			attributes = {
				LastSwiftUpdateCheck = 0940;
				LastUpgradeCheck = 0940;
				ORGANIZATIONNAME = rchampa;
				TargetAttributes = {
					2CDA5CCD210CCD2100460039 = {
						CreatedOnToolsVersion = 9.4;
					};
				};
			};
			buildConfigurationList = 2CDA5CC9210CCD2100460039 /* Build configuration list for PBXProject "Semaforos" */;
			compatibilityVersion = "Xcode 9.3";
			developmentRegion = en;
			hasScannedForEncodings = 0;
			knownRegions = (
				en,
				Base,
			);
			mainGroup = 2CDA5CC5210CCD2100460039;
			productRefGroup = 2CDA5CCF210CCD2100460039 /* Products */;
			projectDirPath = "";
			projectRoot = "";
			targets = (
				2CDA5CCD210CCD2100460039 /* Semaforos */,
			);
		};
/* End PBXProject section */

/* Begin PBXResourcesBuildPhase section */
		2CDA5CCC210CCD2100460039 /* Resources */ = {
			isa = PBXResourcesBuildPhase;
			buildActionMask = 2147483647;
			files = (
				2CDA5CDC210CCD2300460039 /* LaunchScreen.storyboard in Resources */,
				2CDA5CD9210CCD2300460039 /* Assets.xcassets in Resources */,
				2CDA5CD7210CCD2100460039 /* Main.storyboard in Resources */,
			);
			runOnlyForDeploymentPostprocessing = 0;
		};
/* End PBXResourcesBuildPhase section */

/* Begin PBXSourcesBuildPhase section */
		2CDA5CCA210CCD2100460039 /* Sources */ = {
			isa = PBXSourcesBuildPhase;
			buildActionMask = 2147483647;
			files = (
				2CDA5CD4210CCD2100460039 /* ViewController.swift in Sources */,
				2CDA5CD2210CCD2100460039 /* AppDelegate.swift in Sources */,
				2CDA5CE4210CD1DC00460039 /* BackgroundJob.swift in Sources */,
			);
			runOnlyForDeploymentPostprocessing = 0;
		};
/* End PBXSourcesBuildPhase section */

/* Begin PBXVariantGroup section */
		2CDA5CD5210CCD2100460039 /* Main.storyboard */ = {
			isa = PBXVariantGroup;
			children = (
				2CDA5CD6210CCD2100460039 /* Base */,
			);
			name = Main.storyboard;
			sourceTree = "<group>";
		};
		2CDA5CDA210CCD2300460039 /* LaunchScreen.storyboard */ = {
			isa = PBXVariantGroup;
			children = (
				2CDA5CDB210CCD2300460039 /* Base */,
			);
			name = LaunchScreen.storyboard;
			sourceTree = "<group>";
		};
/* End PBXVariantGroup section */

/* Begin XCBuildConfiguration section */
		2CDA5CDE210CCD2300460039 /* Debug */ = {
			isa = XCBuildConfiguration;
			buildSettings = {
				ALWAYS_SEARCH_USER_PATHS = NO;
				CLANG_ANALYZER_NONNULL = YES;
				CLANG_ANALYZER_NUMBER_OBJECT_CONVERSION = YES_AGGRESSIVE;
				CLANG_CXX_LANGUAGE_STANDARD = "gnu++14";
				CLANG_CXX_LIBRARY = "libc++";
				CLANG_ENABLE_MODULES = YES;
				CLANG_ENABLE_OBJC_ARC = YES;
				CLANG_ENABLE_OBJC_WEAK = YES;
				CLANG_WARN_BLOCK_CAPTURE_AUTORELEASING = YES;
				CLANG_WARN_BOOL_CONVERSION = YES;
				CLANG_WARN_COMMA = YES;
				CLANG_WARN_CONSTANT_CONVERSION = YES;
				CLANG_WARN_DEPRECATED_OBJC_IMPLEMENTATIONS = YES;
				CLANG_WARN_DIRECT_OBJC_ISA_USAGE = YES_ERROR;
				CLANG_WARN_DOCUMENTATION_COMMENTS = YES;
				CLANG_WARN_EMPTY_BODY = YES;
				CLANG_WARN_ENUM_CONVERSION = YES;
				CLANG_WARN_INFINITE_RECURSION = YES;
				CLANG_WARN_INT_CONVERSION = YES;
				CLANG_WARN_NON_LITERAL_NULL_CONVERSION = YES;
				CLANG_WARN_OBJC_IMPLICIT_RETAIN_SELF = YES;
				CLANG_WARN_OBJC_LITERAL_CONVERSION = YES;
				CLANG_WARN_OBJC_ROOT_CLASS = YES_ERROR;
				CLANG_WARN_RANGE_LOOP_ANALYSIS = YES;
				CLANG_WARN_STRICT_PROTOTYPES = YES;
				CLANG_WARN_SUSPICIOUS_MOVE = YES;
				CLANG_WARN_UNGUARDED_AVAILABILITY = YES_AGGRESSIVE;
				CLANG_WARN_UNREACHABLE_CODE = YES;
				CLANG_WARN__DUPLICATE_METHOD_MATCH = YES;
				CODE_SIGN_IDENTITY = "iPhone Developer";
				COPY_PHASE_STRIP = NO;
				DEBUG_INFORMATION_FORMAT = dwarf;
				ENABLE_STRICT_OBJC_MSGSEND = YES;
				ENABLE_TESTABILITY = YES;
				GCC_C_LANGUAGE_STANDARD = gnu11;
				GCC_DYNAMIC_NO_PIC = NO;
				GCC_NO_COMMON_BLOCKS = YES;
				GCC_OPTIMIZATION_LEVEL = 0;
				GCC_PREPROCESSOR_DEFINITIONS = (
					"DEBUG=1",
					"$(inherited)",
				);
				GCC_WARN_64_TO_32_BIT_CONVERSION = YES;
				GCC_WARN_ABOUT_RETURN_TYPE = YES_ERROR;
				GCC_WARN_UNDECLARED_SELECTOR = YES;
				GCC_WARN_UNINITIALIZED_AUTOS = YES_AGGRESSIVE;
				GCC_WARN_UNUSED_FUNCTION = YES;
				GCC_WARN_UNUSED_VARIABLE = YES;
				IPHONEOS_DEPLOYMENT_TARGET = 11.4;
				MTL_ENABLE_DEBUG_INFO = YES;
				ONLY_ACTIVE_ARCH = YES;
				SDKROOT = iphoneos;
				SWIFT_ACTIVE_COMPILATION_CONDITIONS = DEBUG;
				SWIFT_OPTIMIZATION_LEVEL = "-Onone";
			};
			name = Debug;
		};
		2CDA5CDF210CCD2300460039 /* Release */ = {
			isa = XCBuildConfiguration;
			buildSettings = {
				ALWAYS_SEARCH_USER_PATHS = NO;
				CLANG_ANALYZER_NONNULL = YES;
				CLANG_ANALYZER_NUMBER_OBJECT_CONVERSION = YES_AGGRESSIVE;
				CLANG_CXX_LANGUAGE_STANDARD = "gnu++14";
				CLANG_CXX_LIBRARY = "libc++";
				CLANG_ENABLE_MODULES = YES;
				CLANG_ENABLE_OBJC_ARC = YES;
				CLANG_ENABLE_OBJC_WEAK = YES;
				CLANG_WARN_BLOCK_CAPTURE_AUTORELEASING = YES;
				CLANG_WARN_BOOL_CONVERSION = YES;
				CLANG_WARN_COMMA = YES;
				CLANG_WARN_CONSTANT_CONVERSION = YES;
				CLANG_WARN_DEPRECATED_OBJC_IMPLEMENTATIONS = YES;
				CLANG_WARN_DIRECT_OBJC_ISA_USAGE = YES_ERROR;
				CLANG_WARN_DOCUMENTATION_COMMENTS = YES;
				CLANG_WARN_EMPTY_BODY = YES;
				CLANG_WARN_ENUM_CONVERSION = YES;
				CLANG_WARN_INFINITE_RECURSION = YES;
				CLANG_WARN_INT_CONVERSION = YES;
				CLANG_WARN_NON_LITERAL_NULL_CONVERSION = YES;
				CLANG_WARN_OBJC_IMPLICIT_RETAIN_SELF = YES;
				CLANG_WARN_OBJC_LITERAL_CONVERSION = YES;
				CLANG_WARN_OBJC_ROOT_CLASS = YES_ERROR;
				CLANG_WARN_RANGE_LOOP_ANALYSIS = YES;
				CLANG_WARN_STRICT_PROTOTYPES = YES;
				CLANG_WARN_SUSPICIOUS_MOVE = YES;
				CLANG_WARN_UNGUARDED_AVAILABILITY = YES_AGGRESSIVE;
				CLANG_WARN_UNREACHABLE_CODE = YES;
				CLANG_WARN__DUPLICATE_METHOD_MATCH = YES;
				CODE_SIGN_IDENTITY = "iPhone Developer";
				COPY_PHASE_STRIP = NO;
				DEBUG_INFORMATION_FORMAT = "dwarf-with-dsym";
				ENABLE_NS_ASSERTIONS = NO;
				ENABLE_STRICT_OBJC_MSGSEND = YES;
				GCC_C_LANGUAGE_STANDARD = gnu11;
				GCC_NO_COMMON_BLOCKS = YES;
				GCC_WARN_64_TO_32_BIT_CONVERSION = YES;
				GCC_WARN_ABOUT_RETURN_TYPE = YES_ERROR;
				GCC_WARN_UNDECLARED_SELECTOR = YES;
				GCC_WARN_UNINITIALIZED_AUTOS = YES_AGGRESSIVE;
				GCC_WARN_UNUSED_FUNCTION = YES;
				GCC_WARN_UNUSED_VARIABLE = YES;
				IPHONEOS_DEPLOYMENT_TARGET = 11.4;
				MTL_ENABLE_DEBUG_INFO = NO;
				SDKROOT = iphoneos;
				SWIFT_COMPILATION_MODE = wholemodule;
				SWIFT_OPTIMIZATION_LEVEL = "-O";
				VALIDATE_PRODUCT = YES;
			};
			name = Release;
		};
		2CDA5CE1210CCD2300460039 /* Debug */ = {
			isa = XCBuildConfiguration;
			buildSettings = {
				ASSETCATALOG_COMPILER_APPICON_NAME = AppIcon;
				CODE_SIGN_STYLE = Automatic;
				INFOPLIST_FILE = Semaforos/Info.plist;
				LD_RUNPATH_SEARCH_PATHS = (
					"$(inherited)",
					"@executable_path/Frameworks",
				);
				PRODUCT_BUNDLE_IDENTIFIER = es.ios.rchampa.tutorials.Semaforos;
				PRODUCT_NAME = "$(TARGET_NAME)";
				SWIFT_VERSION = 4.0;
				TARGETED_DEVICE_FAMILY = "1,2";
			};
			name = Debug;
		};
		2CDA5CE2210CCD2300460039 /* Release */ = {
			isa = XCBuildConfiguration;
			buildSettings = {
				ASSETCATALOG_COMPILER_APPICON_NAME = AppIcon;
				CODE_SIGN_STYLE = Automatic;
				INFOPLIST_FILE = Semaforos/Info.plist;
				LD_RUNPATH_SEARCH_PATHS = (
					"$(inherited)",
					"@executable_path/Frameworks",
				);
				PRODUCT_BUNDLE_IDENTIFIER = es.ios.rchampa.tutorials.Semaforos;
				PRODUCT_NAME = "$(TARGET_NAME)";
				SWIFT_VERSION = 4.0;
				TARGETED_DEVICE_FAMILY = "1,2";
			};
			name = Release;
		};
/* End XCBuildConfiguration section */

/* Begin XCConfigurationList section */
		2CDA5CC9210CCD2100460039 /* Build configuration list for PBXProject "Semaforos" */ = {
			isa = XCConfigurationList;
			buildConfigurations = (
				2CDA5CDE210CCD2300460039 /* Debug */,
				2CDA5CDF210CCD2300460039 /* Release */,
			);
			defaultConfigurationIsVisible = 0;
			defaultConfigurationName = Release;
		};
		2CDA5CE0210CCD2300460039 /* Build configuration list for PBXNativeTarget "Semaforos" */ = {
			isa = XCConfigurationList;
			buildConfigurations = (
				2CDA5CE1210CCD2300460039 /* Debug */,
				2CDA5CE2210CCD2300460039 /* Release */,
			);
			defaultConfigurationIsVisible = 0;
			defaultConfigurationName = Release;
		};
/* End XCConfigurationList section */
	};
	rootObject = 2CDA5CC6210CCD2100460039 /* Project object */;
}
